
Microsoft Visual Studio Solution File, Format Version 10.00
# Visual Studio 2008
Project("{8BC9CEB8-8B4A-11D0-8D11-00A0C91BC942}") = "gpuocelot", "gpuocelot.vcproj", "{FF9B6949-FC34-4CCB-AE13-70B6376EA674}"
	ProjectSection(ProjectDependencies) = postProject
		{CF97019A-FF3B-40EA-80FF-A1712DAB20E0} = {CF97019A-FF3B-40EA-80FF-A1712DAB20E0}
	EndProjectSection
EndProject
Project("{8BC9CEB8-8B4A-11D0-8D11-00A0C91BC942}") = "test", "..\test\test.vcproj", "{01051549-567A-4A31-8147-7C819FE95B05}"
	ProjectSection(ProjectDependencies) = postProject
		{FF9B6949-FC34-4CCB-AE13-70B6376EA674} = {FF9B6949-FC34-4CCB-AE13-70B6376EA674}
	EndProjectSection
EndProject
Project("{8BC9CEB8-8B4A-11D0-8D11-00A0C91BC942}") = "sanitize", "..\sanitize\sanitize.vcproj", "{CF97019A-FF3B-40EA-80FF-A1712DAB20E0}"
EndProject
Global
	GlobalSection(SolutionConfigurationPlatforms) = preSolution
		Debug|Win32 = Debug|Win32
		Release|Win32 = Release|Win32
	EndGlobalSection
	GlobalSection(ProjectConfigurationPlatforms) = postSolution
		{FF9B6949-FC34-4CCB-AE13-70B6376EA674}.Debug|Win32.ActiveCfg = Debug|Win32
		{FF9B6949-FC34-4CCB-AE13-70B6376EA674}.Debug|Win32.Build.0 = Debug|Win32
		{FF9B6949-FC34-4CCB-AE13-70B6376EA674}.Release|Win32.ActiveCfg = Release|Win32
		{FF9B6949-FC34-4CCB-AE13-70B6376EA674}.Release|Win32.Build.0 = Release|Win32
		{01051549-567A-4A31-8147-7C819FE95B05}.Debug|Win32.ActiveCfg = Debug|Win32
		{01051549-567A-4A31-8147-7C819FE95B05}.Debug|Win32.Build.0 = Debug|Win32
		{01051549-567A-4A31-8147-7C819FE95B05}.Release|Win32.ActiveCfg = Release|Win32
		{01051549-567A-4A31-8147-7C819FE95B05}.Release|Win32.Build.0 = Release|Win32
		{CF97019A-FF3B-40EA-80FF-A1712DAB20E0}.Debug|Win32.ActiveCfg = Debug|Win32
		{CF97019A-FF3B-40EA-80FF-A1712DAB20E0}.Debug|Win32.Build.0 = Debug|Win32
		{CF97019A-FF3B-40EA-80FF-A1712DAB20E0}.Release|Win32.ActiveCfg = Release|Win32
		{CF97019A-FF3B-40EA-80FF-A1712DAB20E0}.Release|Win32.Build.0 = Release|Win32
	EndGlobalSection
	GlobalSection(SolutionProperties) = preSolution
		HideSolutionNode = FALSE
	EndGlobalSection
EndGlobal
